
Microsoft Visual Studio Solution File, Format Version 12.00
# Visual Studio 14
VisualStudioVersion = 14.0.25123.0
MinimumVisualStudioVersion = 10.0.40219.1
Project("{FAE04EC0-301F-11D3-BF4B-00C04F79EFBC}") = "hsp.rtm", "hsp.rtm\hsp.rtm.csproj", "{3A55F830-252E-4783-B45F-2349B088691C}"
EndProject
Project("{FAE04EC0-301F-11D3-BF4B-00C04F79EFBC}") = "hsp.watcher", "hsp.watcher\hsp.watcher.csproj", "{8E9362DD-E3EB-453C-B6BE-D1C5E4016818}"
EndProject
Project("{FAE04EC0-301F-11D3-BF4B-00C04F79EFBC}") = "hsp.d", "hsp.d\hsp.d.csproj", "{4CC937EF-80FD-4078-88EE-C4DA47A5CE1B}"
EndProject
Project("{FAE04EC0-301F-11D3-BF4B-00C04F79EFBC}") = "install", "install\install.csproj", "{2A88034B-ECAD-4702-92E9-39178A15E2E3}"
EndProject
Project("{FAE04EC0-301F-11D3-BF4B-00C04F79EFBC}") = "uninstall", "uninstall\uninstall.csproj", "{D28153D0-4C78-4CFF-A75A-1245D24C17A0}"
EndProject
Global
	GlobalSection(SolutionConfigurationPlatforms) = preSolution
		Debug|Any CPU = Debug|Any CPU
		Release|Any CPU = Release|Any CPU
	EndGlobalSection
	GlobalSection(ProjectConfigurationPlatforms) = postSolution
		{3A55F830-252E-4783-B45F-2349B088691C}.Debug|Any CPU.ActiveCfg = Debug|Any CPU
		{3A55F830-252E-4783-B45F-2349B088691C}.Debug|Any CPU.Build.0 = Debug|Any CPU
		{3A55F830-252E-4783-B45F-2349B088691C}.Release|Any CPU.ActiveCfg = Release|Any CPU
		{3A55F830-252E-4783-B45F-2349B088691C}.Release|Any CPU.Build.0 = Release|Any CPU
		{8E9362DD-E3EB-453C-B6BE-D1C5E4016818}.Debug|Any CPU.ActiveCfg = Debug|Any CPU
		{8E9362DD-E3EB-453C-B6BE-D1C5E4016818}.Debug|Any CPU.Build.0 = Debug|Any CPU
		{8E9362DD-E3EB-453C-B6BE-D1C5E4016818}.Release|Any CPU.ActiveCfg = Release|Any CPU
		{8E9362DD-E3EB-453C-B6BE-D1C5E4016818}.Release|Any CPU.Build.0 = Release|Any CPU
		{4CC937EF-80FD-4078-88EE-C4DA47A5CE1B}.Debug|Any CPU.ActiveCfg = Debug|Any CPU
		{4CC937EF-80FD-4078-88EE-C4DA47A5CE1B}.Debug|Any CPU.Build.0 = Debug|Any CPU
		{4CC937EF-80FD-4078-88EE-C4DA47A5CE1B}.Release|Any CPU.ActiveCfg = Release|Any CPU
		{4CC937EF-80FD-4078-88EE-C4DA47A5CE1B}.Release|Any CPU.Build.0 = Release|Any CPU
		{2A88034B-ECAD-4702-92E9-39178A15E2E3}.Debug|Any CPU.ActiveCfg = Debug|Any CPU
		{2A88034B-ECAD-4702-92E9-39178A15E2E3}.Debug|Any CPU.Build.0 = Debug|Any CPU
		{2A88034B-ECAD-4702-92E9-39178A15E2E3}.Release|Any CPU.ActiveCfg = Release|Any CPU
		{2A88034B-ECAD-4702-92E9-39178A15E2E3}.Release|Any CPU.Build.0 = Release|Any CPU
		{D28153D0-4C78-4CFF-A75A-1245D24C17A0}.Debug|Any CPU.ActiveCfg = Debug|Any CPU
		{D28153D0-4C78-4CFF-A75A-1245D24C17A0}.Debug|Any CPU.Build.0 = Debug|Any CPU
		{D28153D0-4C78-4CFF-A75A-1245D24C17A0}.Release|Any CPU.ActiveCfg = Release|Any CPU
		{D28153D0-4C78-4CFF-A75A-1245D24C17A0}.Release|Any CPU.Build.0 = Release|Any CPU
	EndGlobalSection
	GlobalSection(SolutionProperties) = preSolution
		HideSolutionNode = FALSE
	EndGlobalSection
EndGlobal
